
Microsoft Visual Studio Solution File, Format Version 12.00
# Visual Studio Version 16
VisualStudioVersion = 16.0.31424.327
MinimumVisualStudioVersion = 10.0.40219.1
Project("{FAE04EC0-301F-11D3-BF4B-00C04F79EFBC}") = "Prueba1", "Prueba1\Prueba1.csproj", "{873EEEDD-51CC-4482-AF8E-B5FB76271122}"
EndProject
Global
	GlobalSection(SolutionConfigurationPlatforms) = preSolution
		Debug|Any CPU = Debug|Any CPU
		Release|Any CPU = Release|Any CPU
	EndGlobalSection
	GlobalSection(ProjectConfigurationPlatforms) = postSolution
		{873EEEDD-51CC-4482-AF8E-B5FB76271122}.Debug|Any CPU.ActiveCfg = Debug|Any CPU
		{873EEEDD-51CC-4482-AF8E-B5FB76271122}.Debug|Any CPU.Build.0 = Debug|Any CPU
		{873EEEDD-51CC-4482-AF8E-B5FB76271122}.Release|Any CPU.ActiveCfg = Release|Any CPU
		{873EEEDD-51CC-4482-AF8E-B5FB76271122}.Release|Any CPU.Build.0 = Release|Any CPU
	EndGlobalSection
	GlobalSection(SolutionProperties) = preSolution
		HideSolutionNode = FALSE
	EndGlobalSection
	GlobalSection(ExtensibilityGlobals) = postSolution
		SolutionGuid = {D02D55F7-1A8D-4654-BF38-E80ED62B4A77}
	EndGlobalSection
EndGlobal
